# This file is automatically @generated by Cargo.
# It is not intended for manual editing.
version = 4

[[package]]
name = "tx4-adapters-payment"
version = "0.0.0"
dependencies = [
 "tx4-application",
 "tx4-domain",
]

[[package]]
name = "tx4-api"
version = "0.0.0"
dependencies = [
 "tx4-application",
]

[[package]]
name = "tx4-application"
version = "0.0.0"
dependencies = [
 "tx4-domain",
]

[[package]]
name = "tx4-cli"
version = "0.0.0"
dependencies = [
 "tx4-config",
]

[[package]]
name = "tx4-config"
version = "0.0.0"

[[package]]
name = "tx4-domain"
version = "0.0.0"

[[package]]
name = "tx4-observability"
version = "0.0.0"

[[package]]
name = "tx4-persistence"
version = "0.0.0"
dependencies = [
 "tx4-application",
 "tx4-domain",
]

[[package]]
name = "tx4-server"
version = "0.0.0"
dependencies = [
 "tx4-api",
 "tx4-config",
 "tx4-observability",
]

[[package]]
name = "tx4-worker"
version = "0.0.0"
dependencies = [
 "tx4-application",
]

[[package]]
name = "tx4-worker-app"
version = "0.0.0"
dependencies = [
 "tx4-config",
 "tx4-observability",
 "tx4-worker",
]
